
Microsoft Visual Studio Solution File, Format Version 12.00
# Visual Studio Version 17
VisualStudioVersion = 17.9.34607.119
MinimumVisualStudioVersion = 10.0.40219.1
Project("{9A19103F-16F7-4668-BE54-9A1E7A4F7556}") = "ReasnAPI", "ReasnAPI\ReasnAPI.csproj", "{6233E6F5-053B-410C-9B62-FAD14ACD90E0}"
EndProject
Project("{9A19103F-16F7-4668-BE54-9A1E7A4F7556}") = "ReasnAPI.Tests", "ReasnAPI.Tests\ReasnAPI.Tests.csproj", "{F44E1386-657A-49D6-9CCD-5F93867C39F1}"
EndProject
Global
	GlobalSection(SolutionConfigurationPlatforms) = preSolution
		Debug|Any CPU = Debug|Any CPU
		Release|Any CPU = Release|Any CPU
	EndGlobalSection
	GlobalSection(ProjectConfigurationPlatforms) = postSolution
		{6233E6F5-053B-410C-9B62-FAD14ACD90E0}.Debug|Any CPU.ActiveCfg = Debug|Any CPU
		{6233E6F5-053B-410C-9B62-FAD14ACD90E0}.Debug|Any CPU.Build.0 = Debug|Any CPU
		{6233E6F5-053B-410C-9B62-FAD14ACD90E0}.Release|Any CPU.ActiveCfg = Release|Any CPU
		{6233E6F5-053B-410C-9B62-FAD14ACD90E0}.Release|Any CPU.Build.0 = Release|Any CPU
		{F44E1386-657A-49D6-9CCD-5F93867C39F1}.Debug|Any CPU.ActiveCfg = Debug|Any CPU
		{F44E1386-657A-49D6-9CCD-5F93867C39F1}.Debug|Any CPU.Build.0 = Debug|Any CPU
		{F44E1386-657A-49D6-9CCD-5F93867C39F1}.Release|Any CPU.ActiveCfg = Release|Any CPU
		{F44E1386-657A-49D6-9CCD-5F93867C39F1}.Release|Any CPU.Build.0 = Release|Any CPU
	EndGlobalSection
	GlobalSection(SolutionProperties) = preSolution
		HideSolutionNode = FALSE
	EndGlobalSection
	GlobalSection(ExtensibilityGlobals) = postSolution
		SolutionGuid = {D34A1D6D-DED9-43D0-B0BC-1F6E16AA8B72}
	EndGlobalSection
EndGlobal
